{
  "name": "create-react-admin",
  "version": "0.1.0",
  "lockfileVersion": 1,
  "requires": true,
  "dependencies": {
    "js-md5": {
      "version": "0.7.3",
      "resolved": "http://r.cnpmjs.org/js-md5/download/js-md5-0.7.3.tgz",
      "integrity": "sha1-tPL7sLMnRV9ZjWcn447Ccs0Jw/I="
    }
  }
}
